// !$*UTF8*$!
{
	archiveVersion = 1;
	classes = {
	};
	objectVersion = 56;
	objects = {

/* Begin PBXBuildFile section */
		8E1CDF882940B9C400EF95D0 /* main.swift in Sources */ = {isa = PBXBuildFile; fileRef = 8E1CDF872940B9C400EF95D0 /* main.swift */; };
		8E1CDF8F2940C16A00EF95D0 /* Company.swift in Sources */ = {isa = PBXBuildFile; fileRef = 8E1CDF8E2940C16A00EF95D0 /* Company.swift */; };
		8E1CDF912940C6A800EF95D0 /* Storage.swift in Sources */ = {isa = PBXBuildFile; fileRef = 8E1CDF902940C6A800EF95D0 /* Storage.swift */; };
		8E1CDF93294270EA00EF95D0 /* Products.swift in Sources */ = {isa = PBXBuildFile; fileRef = 8E1CDF92294270EA00EF95D0 /* Products.swift */; };
		8E1CDF9629427EE900EF95D0 /* Apple.swift in Sources */ = {isa = PBXBuildFile; fileRef = 8E1CDF9529427EE900EF95D0 /* Apple.swift */; };
		8E1CDF9829427FBD00EF95D0 /* Samsung.swift in Sources */ = {isa = PBXBuildFile; fileRef = 8E1CDF9729427FBD00EF95D0 /* Samsung.swift */; };
		8E1CDF9A29427FEC00EF95D0 /* Zara.swift in Sources */ = {isa = PBXBuildFile; fileRef = 8E1CDF9929427FEC00EF95D0 /* Zara.swift */; };
		8E1CDF9C2942808F00EF95D0 /* H&M.swift in Sources */ = {isa = PBXBuildFile; fileRef = 8E1CDF9B2942808F00EF95D0 /* H&M.swift */; };
		8E1CDF9E294280D600EF95D0 /* IKEA.swift in Sources */ = {isa = PBXBuildFile; fileRef = 8E1CDF9D294280D600EF95D0 /* IKEA.swift */; };
		8E1CDFA02942812D00EF95D0 /* Kulikov.swift in Sources */ = {isa = PBXBuildFile; fileRef = 8E1CDF9F2942812D00EF95D0 /* Kulikov.swift */; };
		8E1CDFA2294281AA00EF95D0 /* Shoro.swift in Sources */ = {isa = PBXBuildFile; fileRef = 8E1CDFA1294281AA00EF95D0 /* Shoro.swift */; };
		8E1CDFA42942823000EF95D0 /* Neman.swift in Sources */ = {isa = PBXBuildFile; fileRef = 8E1CDFA32942823000EF95D0 /* Neman.swift */; };
		8E1CDFA8294282CF00EF95D0 /* BeautyShowroom.swift in Sources */ = {isa = PBXBuildFile; fileRef = 8E1CDFA7294282CF00EF95D0 /* BeautyShowroom.swift */; };
/* End PBXBuildFile section */

/* Begin PBXCopyFilesBuildPhase section */
		8E1CDF822940B9C400EF95D0 /* CopyFiles */ = {
			isa = PBXCopyFilesBuildPhase;
			buildActionMask = 2147483647;
			dstPath = /usr/share/man/man1/;
			dstSubfolderSpec = 0;
			files = (
			);
			runOnlyForDeploymentPostprocessing = 1;
		};
/* End PBXCopyFilesBuildPhase section */

/* Begin PBXFileReference section */
		8E1CDF842940B9C400EF95D0 /* lesson-7 */ = {isa = PBXFileReference; explicitFileType = "compiled.mach-o.executable"; includeInIndex = 0; path = "lesson-7"; sourceTree = BUILT_PRODUCTS_DIR; };
		8E1CDF872940B9C400EF95D0 /* main.swift */ = {isa = PBXFileReference; lastKnownFileType = sourcecode.swift; path = main.swift; sourceTree = "<group>"; };
		8E1CDF8E2940C16A00EF95D0 /* Company.swift */ = {isa = PBXFileReference; lastKnownFileType = sourcecode.swift; path = Company.swift; sourceTree = "<group>"; };
		8E1CDF902940C6A800EF95D0 /* Storage.swift */ = {isa = PBXFileReference; lastKnownFileType = sourcecode.swift; path = Storage.swift; sourceTree = "<group>"; };
		8E1CDF92294270EA00EF95D0 /* Products.swift */ = {isa = PBXFileReference; lastKnownFileType = sourcecode.swift; path = Products.swift; sourceTree = "<group>"; };
		8E1CDF9529427EE900EF95D0 /* Apple.swift */ = {isa = PBXFileReference; lastKnownFileType = sourcecode.swift; path = Apple.swift; sourceTree = "<group>"; };
		8E1CDF9729427FBD00EF95D0 /* Samsung.swift */ = {isa = PBXFileReference; lastKnownFileType = sourcecode.swift; path = Samsung.swift; sourceTree = "<group>"; };
		8E1CDF9929427FEC00EF95D0 /* Zara.swift */ = {isa = PBXFileReference; lastKnownFileType = sourcecode.swift; path = Zara.swift; sourceTree = "<group>"; };
		8E1CDF9B2942808F00EF95D0 /* H&M.swift */ = {isa = PBXFileReference; lastKnownFileType = sourcecode.swift; path = "H&M.swift"; sourceTree = "<group>"; };
		8E1CDF9D294280D600EF95D0 /* IKEA.swift */ = {isa = PBXFileReference; lastKnownFileType = sourcecode.swift; path = IKEA.swift; sourceTree = "<group>"; };
		8E1CDF9F2942812D00EF95D0 /* Kulikov.swift */ = {isa = PBXFileReference; lastKnownFileType = sourcecode.swift; path = Kulikov.swift; sourceTree = "<group>"; };
		8E1CDFA1294281AA00EF95D0 /* Shoro.swift */ = {isa = PBXFileReference; lastKnownFileType = sourcecode.swift; path = Shoro.swift; sourceTree = "<group>"; };
		8E1CDFA32942823000EF95D0 /* Neman.swift */ = {isa = PBXFileReference; lastKnownFileType = sourcecode.swift; path = Neman.swift; sourceTree = "<group>"; };
		8E1CDFA7294282CF00EF95D0 /* BeautyShowroom.swift */ = {isa = PBXFileReference; lastKnownFileType = sourcecode.swift; path = BeautyShowroom.swift; sourceTree = "<group>"; };
/* End PBXFileReference section */

/* Begin PBXFrameworksBuildPhase section */
		8E1CDF812940B9C400EF95D0 /* Frameworks */ = {
			isa = PBXFrameworksBuildPhase;
			buildActionMask = 2147483647;
			files = (
			);
			runOnlyForDeploymentPostprocessing = 0;
		};
/* End PBXFrameworksBuildPhase section */

/* Begin PBXGroup section */
		8E1CDF7B2940B9C400EF95D0 = {
			isa = PBXGroup;
			children = (
				8E1CDF862940B9C400EF95D0 /* lesson-7 */,
				8E1CDF852940B9C400EF95D0 /* Products */,
			);
			sourceTree = "<group>";
		};
		8E1CDF852940B9C400EF95D0 /* Products */ = {
			isa = PBXGroup;
			children = (
				8E1CDF842940B9C400EF95D0 /* lesson-7 */,
			);
			name = Products;
			sourceTree = "<group>";
		};
		8E1CDF862940B9C400EF95D0 /* lesson-7 */ = {
			isa = PBXGroup;
			children = (
				8E1CDF872940B9C400EF95D0 /* main.swift */,
				8E1CDF8E2940C16A00EF95D0 /* Company.swift */,
				8E1CDF902940C6A800EF95D0 /* Storage.swift */,
				8E1CDF9429427E7D00EF95D0 /* Products */,
			);
			path = "lesson-7";
			sourceTree = "<group>";
		};
		8E1CDF9429427E7D00EF95D0 /* Products */ = {
			isa = PBXGroup;
			children = (
				8E1CDF92294270EA00EF95D0 /* Products.swift */,
				8E1CDF9529427EE900EF95D0 /* Apple.swift */,
				8E1CDF9729427FBD00EF95D0 /* Samsung.swift */,
				8E1CDF9929427FEC00EF95D0 /* Zara.swift */,
				8E1CDF9B2942808F00EF95D0 /* H&M.swift */,
				8E1CDF9D294280D600EF95D0 /* IKEA.swift */,
				8E1CDF9F2942812D00EF95D0 /* Kulikov.swift */,
				8E1CDFA1294281AA00EF95D0 /* Shoro.swift */,
				8E1CDFA32942823000EF95D0 /* Neman.swift */,
				8E1CDFA7294282CF00EF95D0 /* BeautyShowroom.swift */,
			);
			path = Products;
			sourceTree = "<group>";
		};
/* End PBXGroup section */

/* Begin PBXNativeTarget section */
		8E1CDF832940B9C400EF95D0 /* lesson-7 */ = {
			isa = PBXNativeTarget;
			buildConfigurationList = 8E1CDF8B2940B9C400EF95D0 /* Build configuration list for PBXNativeTarget "lesson-7" */;
			buildPhases = (
				8E1CDF802940B9C400EF95D0 /* Sources */,
				8E1CDF812940B9C400EF95D0 /* Frameworks */,
				8E1CDF822940B9C400EF95D0 /* CopyFiles */,
			);
			buildRules = (
			);
			dependencies = (
			);
			name = "lesson-7";
			productName = "lesson-7";
			productReference = 8E1CDF842940B9C400EF95D0 /* lesson-7 */;
			productType = "com.apple.product-type.tool";
		};
/* End PBXNativeTarget section */

/* Begin PBXProject section */
		8E1CDF7C2940B9C400EF95D0 /* Project object */ = {
			isa = PBXProject;
			attributes = {
				BuildIndependentTargetsInParallel = 1;
				LastSwiftUpdateCheck = 1400;
				LastUpgradeCheck = 1400;
				TargetAttributes = {
					8E1CDF832940B9C400EF95D0 = {
						CreatedOnToolsVersion = 14.0.1;
					};
				};
			};
			buildConfigurationList = 8E1CDF7F2940B9C400EF95D0 /* Build configuration list for PBXProject "lesson-7" */;
			compatibilityVersion = "Xcode 14.0";
			developmentRegion = en;
			hasScannedForEncodings = 0;
			knownRegions = (
				en,
				Base,
			);
			mainGroup = 8E1CDF7B2940B9C400EF95D0;
			productRefGroup = 8E1CDF852940B9C400EF95D0 /* Products */;
			projectDirPath = "";
			projectRoot = "";
			targets = (
				8E1CDF832940B9C400EF95D0 /* lesson-7 */,
			);
		};
/* End PBXProject section */

/* Begin PBXSourcesBuildPhase section */
		8E1CDF802940B9C400EF95D0 /* Sources */ = {
			isa = PBXSourcesBuildPhase;
			buildActionMask = 2147483647;
			files = (
				8E1CDF882940B9C400EF95D0 /* main.swift in Sources */,
				8E1CDF93294270EA00EF95D0 /* Products.swift in Sources */,
				8E1CDF9829427FBD00EF95D0 /* Samsung.swift in Sources */,
				8E1CDF8F2940C16A00EF95D0 /* Company.swift in Sources */,
				8E1CDF912940C6A800EF95D0 /* Storage.swift in Sources */,
				8E1CDFA42942823000EF95D0 /* Neman.swift in Sources */,
				8E1CDF9E294280D600EF95D0 /* IKEA.swift in Sources */,
				8E1CDFA8294282CF00EF95D0 /* BeautyShowroom.swift in Sources */,
				8E1CDF9629427EE900EF95D0 /* Apple.swift in Sources */,
				8E1CDF9A29427FEC00EF95D0 /* Zara.swift in Sources */,
				8E1CDF9C2942808F00EF95D0 /* H&M.swift in Sources */,
				8E1CDFA02942812D00EF95D0 /* Kulikov.swift in Sources */,
				8E1CDFA2294281AA00EF95D0 /* Shoro.swift in Sources */,
			);
			runOnlyForDeploymentPostprocessing = 0;
		};
/* End PBXSourcesBuildPhase section */

/* Begin XCBuildConfiguration section */
		8E1CDF892940B9C400EF95D0 /* Debug */ = {
			isa = XCBuildConfiguration;
			buildSettings = {
				ALWAYS_SEARCH_USER_PATHS = NO;
				CLANG_ANALYZER_NONNULL = YES;
				CLANG_ANALYZER_NUMBER_OBJECT_CONVERSION = YES_AGGRESSIVE;
				CLANG_CXX_LANGUAGE_STANDARD = "gnu++20";
				CLANG_ENABLE_MODULES = YES;
				CLANG_ENABLE_OBJC_ARC = YES;
				CLANG_ENABLE_OBJC_WEAK = YES;
				CLANG_WARN_BLOCK_CAPTURE_AUTORELEASING = YES;
				CLANG_WARN_BOOL_CONVERSION = YES;
				CLANG_WARN_COMMA = YES;
				CLANG_WARN_CONSTANT_CONVERSION = YES;
				CLANG_WARN_DEPRECATED_OBJC_IMPLEMENTATIONS = YES;
				CLANG_WARN_DIRECT_OBJC_ISA_USAGE = YES_ERROR;
				CLANG_WARN_DOCUMENTATION_COMMENTS = YES;
				CLANG_WARN_EMPTY_BODY = YES;
				CLANG_WARN_ENUM_CONVERSION = YES;
				CLANG_WARN_INFINITE_RECURSION = YES;
				CLANG_WARN_INT_CONVERSION = YES;
				CLANG_WARN_NON_LITERAL_NULL_CONVERSION = YES;
				CLANG_WARN_OBJC_IMPLICIT_RETAIN_SELF = YES;
				CLANG_WARN_OBJC_LITERAL_CONVERSION = YES;
				CLANG_WARN_OBJC_ROOT_CLASS = YES_ERROR;
				CLANG_WARN_QUOTED_INCLUDE_IN_FRAMEWORK_HEADER = YES;
				CLANG_WARN_RANGE_LOOP_ANALYSIS = YES;
				CLANG_WARN_STRICT_PROTOTYPES = YES;
				CLANG_WARN_SUSPICIOUS_MOVE = YES;
				CLANG_WARN_UNGUARDED_AVAILABILITY = YES_AGGRESSIVE;
				CLANG_WARN_UNREACHABLE_CODE = YES;
				CLANG_WARN__DUPLICATE_METHOD_MATCH = YES;
				COPY_PHASE_STRIP = NO;
				DEBUG_INFORMATION_FORMAT = dwarf;
				ENABLE_STRICT_OBJC_MSGSEND = YES;
				ENABLE_TESTABILITY = YES;
				GCC_C_LANGUAGE_STANDARD = gnu11;
				GCC_DYNAMIC_NO_PIC = NO;
				GCC_NO_COMMON_BLOCKS = YES;
				GCC_OPTIMIZATION_LEVEL = 0;
				GCC_PREPROCESSOR_DEFINITIONS = (
					"DEBUG=1",
					"$(inherited)",
				);
				GCC_WARN_64_TO_32_BIT_CONVERSION = YES;
				GCC_WARN_ABOUT_RETURN_TYPE = YES_ERROR;
				GCC_WARN_UNDECLARED_SELECTOR = YES;
				GCC_WARN_UNINITIALIZED_AUTOS = YES_AGGRESSIVE;
				GCC_WARN_UNUSED_FUNCTION = YES;
				GCC_WARN_UNUSED_VARIABLE = YES;
				MACOSX_DEPLOYMENT_TARGET = 12.3;
				MTL_ENABLE_DEBUG_INFO = INCLUDE_SOURCE;
				MTL_FAST_MATH = YES;
				ONLY_ACTIVE_ARCH = YES;
				SDKROOT = macosx;
				SWIFT_ACTIVE_COMPILATION_CONDITIONS = DEBUG;
				SWIFT_OPTIMIZATION_LEVEL = "-Onone";
			};
			name = Debug;
		};
		8E1CDF8A2940B9C400EF95D0 /* Release */ = {
			isa = XCBuildConfiguration;
			buildSettings = {
				ALWAYS_SEARCH_USER_PATHS = NO;
				CLANG_ANALYZER_NONNULL = YES;
				CLANG_ANALYZER_NUMBER_OBJECT_CONVERSION = YES_AGGRESSIVE;
				CLANG_CXX_LANGUAGE_STANDARD = "gnu++20";
				CLANG_ENABLE_MODULES = YES;
				CLANG_ENABLE_OBJC_ARC = YES;
				CLANG_ENABLE_OBJC_WEAK = YES;
				CLANG_WARN_BLOCK_CAPTURE_AUTORELEASING = YES;
				CLANG_WARN_BOOL_CONVERSION = YES;
				CLANG_WARN_COMMA = YES;
				CLANG_WARN_CONSTANT_CONVERSION = YES;
				CLANG_WARN_DEPRECATED_OBJC_IMPLEMENTATIONS = YES;
				CLANG_WARN_DIRECT_OBJC_ISA_USAGE = YES_ERROR;
				CLANG_WARN_DOCUMENTATION_COMMENTS = YES;
				CLANG_WARN_EMPTY_BODY = YES;
				CLANG_WARN_ENUM_CONVERSION = YES;
				CLANG_WARN_INFINITE_RECURSION = YES;
				CLANG_WARN_INT_CONVERSION = YES;
				CLANG_WARN_NON_LITERAL_NULL_CONVERSION = YES;
				CLANG_WARN_OBJC_IMPLICIT_RETAIN_SELF = YES;
				CLANG_WARN_OBJC_LITERAL_CONVERSION = YES;
				CLANG_WARN_OBJC_ROOT_CLASS = YES_ERROR;
				CLANG_WARN_QUOTED_INCLUDE_IN_FRAMEWORK_HEADER = YES;
				CLANG_WARN_RANGE_LOOP_ANALYSIS = YES;
				CLANG_WARN_STRICT_PROTOTYPES = YES;
				CLANG_WARN_SUSPICIOUS_MOVE = YES;
				CLANG_WARN_UNGUARDED_AVAILABILITY = YES_AGGRESSIVE;
				CLANG_WARN_UNREACHABLE_CODE = YES;
				CLANG_WARN__DUPLICATE_METHOD_MATCH = YES;
				COPY_PHASE_STRIP = NO;
				DEBUG_INFORMATION_FORMAT = "dwarf-with-dsym";
				ENABLE_NS_ASSERTIONS = NO;
				ENABLE_STRICT_OBJC_MSGSEND = YES;
				GCC_C_LANGUAGE_STANDARD = gnu11;
				GCC_NO_COMMON_BLOCKS = YES;
				GCC_WARN_64_TO_32_BIT_CONVERSION = YES;
				GCC_WARN_ABOUT_RETURN_TYPE = YES_ERROR;
				GCC_WARN_UNDECLARED_SELECTOR = YES;
				GCC_WARN_UNINITIALIZED_AUTOS = YES_AGGRESSIVE;
				GCC_WARN_UNUSED_FUNCTION = YES;
				GCC_WARN_UNUSED_VARIABLE = YES;
				MACOSX_DEPLOYMENT_TARGET = 12.3;
				MTL_ENABLE_DEBUG_INFO = NO;
				MTL_FAST_MATH = YES;
				SDKROOT = macosx;
				SWIFT_COMPILATION_MODE = wholemodule;
				SWIFT_OPTIMIZATION_LEVEL = "-O";
			};
			name = Release;
		};
		8E1CDF8C2940B9C400EF95D0 /* Debug */ = {
			isa = XCBuildConfiguration;
			buildSettings = {
				CODE_SIGN_STYLE = Automatic;
				PRODUCT_NAME = "$(TARGET_NAME)";
				SWIFT_VERSION = 5.0;
			};
			name = Debug;
		};
		8E1CDF8D2940B9C400EF95D0 /* Release */ = {
			isa = XCBuildConfiguration;
			buildSettings = {
				CODE_SIGN_STYLE = Automatic;
				PRODUCT_NAME = "$(TARGET_NAME)";
				SWIFT_VERSION = 5.0;
			};
			name = Release;
		};
/* End XCBuildConfiguration section */

/* Begin XCConfigurationList section */
		8E1CDF7F2940B9C400EF95D0 /* Build configuration list for PBXProject "lesson-7" */ = {
			isa = XCConfigurationList;
			buildConfigurations = (
				8E1CDF892940B9C400EF95D0 /* Debug */,
				8E1CDF8A2940B9C400EF95D0 /* Release */,
			);
			defaultConfigurationIsVisible = 0;
			defaultConfigurationName = Release;
		};
		8E1CDF8B2940B9C400EF95D0 /* Build configuration list for PBXNativeTarget "lesson-7" */ = {
			isa = XCConfigurationList;
			buildConfigurations = (
				8E1CDF8C2940B9C400EF95D0 /* Debug */,
				8E1CDF8D2940B9C400EF95D0 /* Release */,
			);
			defaultConfigurationIsVisible = 0;
			defaultConfigurationName = Release;
		};
/* End XCConfigurationList section */
	};
	rootObject = 8E1CDF7C2940B9C400EF95D0 /* Project object */;
}
